// !$*UTF8*$!
{
	archiveVersion = 1;
	classes = {
	};
	objectVersion = 77;
	objects = {

/* Begin PBXBuildFile section */
		E6202C3D2F5EC9570075C116 /* ScriptSeerWatch Watch App.app in Embed Watch Content */ = {isa = PBXBuildFile; fileRef = E6202C1D2F5EC9560075C116 /* ScriptSeerWatch Watch App.app */; settings = {ATTRIBUTES = (RemoveHeadersOnCopy, ); }; };
/* End PBXBuildFile section */

/* Begin PBXContainerItemProxy section */
		E62027DE2F5E2BCF0075C116 /* PBXContainerItemProxy */ = {
			isa = PBXContainerItemProxy;
			containerPortal = E62027C42F5E2BCE0075C116 /* Project object */;
			proxyType = 1;
			remoteGlobalIDString = E62027CB2F5E2BCE0075C116;
			remoteInfo = ScriptSeer;
		};
		E62027E82F5E2BCF0075C116 /* PBXContainerItemProxy */ = {
			isa = PBXContainerItemProxy;
			containerPortal = E62027C42F5E2BCE0075C116 /* Project object */;
			proxyType = 1;
			remoteGlobalIDString = E62027CB2F5E2BCE0075C116;
			remoteInfo = ScriptSeer;
		};
		E6202C2A2F5EC9570075C116 /* PBXContainerItemProxy */ = {
			isa = PBXContainerItemProxy;
			containerPortal = E62027C42F5E2BCE0075C116 /* Project object */;
			proxyType = 1;
			remoteGlobalIDString = E6202C1C2F5EC9560075C116;
			remoteInfo = "ScriptSeerWatch Watch App";
		};
		E6202C342F5EC9570075C116 /* PBXContainerItemProxy */ = {
			isa = PBXContainerItemProxy;
			containerPortal = E62027C42F5E2BCE0075C116 /* Project object */;
			proxyType = 1;
			remoteGlobalIDString = E6202C1C2F5EC9560075C116;
			remoteInfo = "ScriptSeerWatch Watch App";
		};
		E6202C3B2F5EC9570075C116 /* PBXContainerItemProxy */ = {
			isa = PBXContainerItemProxy;
			containerPortal = E62027C42F5E2BCE0075C116 /* Project object */;
			proxyType = 1;
			remoteGlobalIDString = E6202C1C2F5EC9560075C116;
			remoteInfo = "ScriptSeerWatch Watch App";
		};
/* End PBXContainerItemProxy section */

/* Begin PBXCopyFilesBuildPhase section */
		E6202C412F5EC9570075C116 /* Embed Watch Content */ = {
			isa = PBXCopyFilesBuildPhase;
			buildActionMask = 2147483647;
			dstPath = "$(CONTENTS_FOLDER_PATH)/Watch";
			dstSubfolderSpec = 16;
			files = (
				E6202C3D2F5EC9570075C116 /* ScriptSeerWatch Watch App.app in Embed Watch Content */,
			);
			name = "Embed Watch Content";
			runOnlyForDeploymentPostprocessing = 0;
		};
/* End PBXCopyFilesBuildPhase section */

/* Begin PBXFileReference section */
		E62027CC2F5E2BCE0075C116 /* ScriptSeer.app */ = {isa = PBXFileReference; explicitFileType = wrapper.application; includeInIndex = 0; path = ScriptSeer.app; sourceTree = BUILT_PRODUCTS_DIR; };
		E62027DD2F5E2BCF0075C116 /* ScriptSeerTests.xctest */ = {isa = PBXFileReference; explicitFileType = wrapper.cfbundle; includeInIndex = 0; path = ScriptSeerTests.xctest; sourceTree = BUILT_PRODUCTS_DIR; };
		E62027E72F5E2BCF0075C116 /* ScriptSeerUITests.xctest */ = {isa = PBXFileReference; explicitFileType = wrapper.cfbundle; includeInIndex = 0; path = ScriptSeerUITests.xctest; sourceTree = BUILT_PRODUCTS_DIR; };
		E6202C1D2F5EC9560075C116 /* ScriptSeerWatch Watch App.app */ = {isa = PBXFileReference; explicitFileType = wrapper.application; includeInIndex = 0; path = "ScriptSeerWatch Watch App.app"; sourceTree = BUILT_PRODUCTS_DIR; };
		E6202C292F5EC9570075C116 /* ScriptSeerWatch Watch AppTests.xctest */ = {isa = PBXFileReference; explicitFileType = wrapper.cfbundle; includeInIndex = 0; path = "ScriptSeerWatch Watch AppTests.xctest"; sourceTree = BUILT_PRODUCTS_DIR; };
		E6202C332F5EC9570075C116 /* ScriptSeerWatch Watch AppUITests.xctest */ = {isa = PBXFileReference; explicitFileType = wrapper.cfbundle; includeInIndex = 0; path = "ScriptSeerWatch Watch AppUITests.xctest"; sourceTree = BUILT_PRODUCTS_DIR; };
/* End PBXFileReference section */

/* Begin PBXFileSystemSynchronizedBuildFileExceptionSet section */
		E62027EF2F5E2BCF0075C116 /* Exceptions for "ScriptSeer" folder in "ScriptSeer" target */ = {
			isa = PBXFileSystemSynchronizedBuildFileExceptionSet;
			membershipExceptions = (
				Info.plist,
			);
			target = E62027CB2F5E2BCE0075C116 /* ScriptSeer */;
		};
/* End PBXFileSystemSynchronizedBuildFileExceptionSet section */

/* Begin PBXFileSystemSynchronizedRootGroup section */
		E62027CE2F5E2BCE0075C116 /* ScriptSeer */ = {
			isa = PBXFileSystemSynchronizedRootGroup;
			exceptions = (
				E62027EF2F5E2BCF0075C116 /* Exceptions for "ScriptSeer" folder in "ScriptSeer" target */,
			);
			path = ScriptSeer;
			sourceTree = "<group>";
		};
		E62027E02F5E2BCF0075C116 /* ScriptSeerTests */ = {
			isa = PBXFileSystemSynchronizedRootGroup;
			path = ScriptSeerTests;
			sourceTree = "<group>";
		};
		E62027EA2F5E2BCF0075C116 /* ScriptSeerUITests */ = {
			isa = PBXFileSystemSynchronizedRootGroup;
			path = ScriptSeerUITests;
			sourceTree = "<group>";
		};
		E6202C1E2F5EC9560075C116 /* ScriptSeerWatch Watch App */ = {
			isa = PBXFileSystemSynchronizedRootGroup;
			path = "ScriptSeerWatch Watch App";
			sourceTree = "<group>";
		};
		E6202C2C2F5EC9570075C116 /* ScriptSeerWatch Watch AppTests */ = {
			isa = PBXFileSystemSynchronizedRootGroup;
			path = "ScriptSeerWatch Watch AppTests";
			sourceTree = "<group>";
		};
		E6202C362F5EC9570075C116 /* ScriptSeerWatch Watch AppUITests */ = {
			isa = PBXFileSystemSynchronizedRootGroup;
			path = "ScriptSeerWatch Watch AppUITests";
			sourceTree = "<group>";
		};
/* End PBXFileSystemSynchronizedRootGroup section */

/* Begin PBXFrameworksBuildPhase section */
		E62027C92F5E2BCE0075C116 /* Frameworks */ = {
			isa = PBXFrameworksBuildPhase;
			buildActionMask = 2147483647;
			files = (
			);
			runOnlyForDeploymentPostprocessing = 0;
		};
		E62027DA2F5E2BCF0075C116 /* Frameworks */ = {
			isa = PBXFrameworksBuildPhase;
			buildActionMask = 2147483647;
			files = (
			);
			runOnlyForDeploymentPostprocessing = 0;
		};
		E62027E42F5E2BCF0075C116 /* Frameworks */ = {
			isa = PBXFrameworksBuildPhase;
			buildActionMask = 2147483647;
			files = (
			);
			runOnlyForDeploymentPostprocessing = 0;
		};
		E6202C1A2F5EC9560075C116 /* Frameworks */ = {
			isa = PBXFrameworksBuildPhase;
			buildActionMask = 2147483647;
			files = (
			);
			runOnlyForDeploymentPostprocessing = 0;
		};
		E6202C262F5EC9570075C116 /* Frameworks */ = {
			isa = PBXFrameworksBuildPhase;
			buildActionMask = 2147483647;
			files = (
			);
			runOnlyForDeploymentPostprocessing = 0;
		};
		E6202C302F5EC9570075C116 /* Frameworks */ = {
			isa = PBXFrameworksBuildPhase;
			buildActionMask = 2147483647;
			files = (
			);
			runOnlyForDeploymentPostprocessing = 0;
		};
/* End PBXFrameworksBuildPhase section */

/* Begin PBXGroup section */
		E62027C32F5E2BCE0075C116 = {
			isa = PBXGroup;
			children = (
				E62027CE2F5E2BCE0075C116 /* ScriptSeer */,
				E62027E02F5E2BCF0075C116 /* ScriptSeerTests */,
				E62027EA2F5E2BCF0075C116 /* ScriptSeerUITests */,
				E6202C1E2F5EC9560075C116 /* ScriptSeerWatch Watch App */,
				E6202C2C2F5EC9570075C116 /* ScriptSeerWatch Watch AppTests */,
				E6202C362F5EC9570075C116 /* ScriptSeerWatch Watch AppUITests */,
				E62027CD2F5E2BCE0075C116 /* Products */,
			);
			sourceTree = "<group>";
		};
		E62027CD2F5E2BCE0075C116 /* Products */ = {
			isa = PBXGroup;
			children = (
				E62027CC2F5E2BCE0075C116 /* ScriptSeer.app */,
				E62027DD2F5E2BCF0075C116 /* ScriptSeerTests.xctest */,
				E62027E72F5E2BCF0075C116 /* ScriptSeerUITests.xctest */,
				E6202C1D2F5EC9560075C116 /* ScriptSeerWatch Watch App.app */,
				E6202C292F5EC9570075C116 /* ScriptSeerWatch Watch AppTests.xctest */,
				E6202C332F5EC9570075C116 /* ScriptSeerWatch Watch AppUITests.xctest */,
			);
			name = Products;
			sourceTree = "<group>";
		};
/* End PBXGroup section */

/* Begin PBXNativeTarget section */
		E62027CB2F5E2BCE0075C116 /* ScriptSeer */ = {
			isa = PBXNativeTarget;
			buildConfigurationList = E62027F02F5E2BCF0075C116 /* Build configuration list for PBXNativeTarget "ScriptSeer" */;
			buildPhases = (
				E62027C82F5E2BCE0075C116 /* Sources */,
				E62027C92F5E2BCE0075C116 /* Frameworks */,
				E62027CA2F5E2BCE0075C116 /* Resources */,
				E6202C412F5EC9570075C116 /* Embed Watch Content */,
			);
			buildRules = (
			);
			dependencies = (
				E6202C3C2F5EC9570075C116 /* PBXTargetDependency */,
			);
			fileSystemSynchronizedGroups = (
				E62027CE2F5E2BCE0075C116 /* ScriptSeer */,
			);
			name = ScriptSeer;
			packageProductDependencies = (
			);
			productName = ScriptSeer;
			productReference = E62027CC2F5E2BCE0075C116 /* ScriptSeer.app */;
			productType = "com.apple.product-type.application";
		};
		E62027DC2F5E2BCF0075C116 /* ScriptSeerTests */ = {
			isa = PBXNativeTarget;
			buildConfigurationList = E62027F52F5E2BCF0075C116 /* Build configuration list for PBXNativeTarget "ScriptSeerTests" */;
			buildPhases = (
				E62027D92F5E2BCF0075C116 /* Sources */,
				E62027DA2F5E2BCF0075C116 /* Frameworks */,
				E62027DB2F5E2BCF0075C116 /* Resources */,
			);
			buildRules = (
			);
			dependencies = (
				E62027DF2F5E2BCF0075C116 /* PBXTargetDependency */,
			);
			fileSystemSynchronizedGroups = (
				E62027E02F5E2BCF0075C116 /* ScriptSeerTests */,
			);
			name = ScriptSeerTests;
			packageProductDependencies = (
			);
			productName = ScriptSeerTests;
			productReference = E62027DD2F5E2BCF0075C116 /* ScriptSeerTests.xctest */;
			productType = "com.apple.product-type.bundle.unit-test";
		};
		E62027E62F5E2BCF0075C116 /* ScriptSeerUITests */ = {
			isa = PBXNativeTarget;
			buildConfigurationList = E62027F82F5E2BCF0075C116 /* Build configuration list for PBXNativeTarget "ScriptSeerUITests" */;
			buildPhases = (
				E62027E32F5E2BCF0075C116 /* Sources */,
				E62027E42F5E2BCF0075C116 /* Frameworks */,
				E62027E52F5E2BCF0075C116 /* Resources */,
			);
			buildRules = (
			);
			dependencies = (
				E62027E92F5E2BCF0075C116 /* PBXTargetDependency */,
			);
			fileSystemSynchronizedGroups = (
				E62027EA2F5E2BCF0075C116 /* ScriptSeerUITests */,
			);
			name = ScriptSeerUITests;
			packageProductDependencies = (
			);
			productName = ScriptSeerUITests;
			productReference = E62027E72F5E2BCF0075C116 /* ScriptSeerUITests.xctest */;
			productType = "com.apple.product-type.bundle.ui-testing";
		};
		E6202C1C2F5EC9560075C116 /* ScriptSeerWatch Watch App */ = {
			isa = PBXNativeTarget;
			buildConfigurationList = E6202C3E2F5EC9570075C116 /* Build configuration list for PBXNativeTarget "ScriptSeerWatch Watch App" */;
			buildPhases = (
				E6202C192F5EC9560075C116 /* Sources */,
				E6202C1A2F5EC9560075C116 /* Frameworks */,
				E6202C1B2F5EC9560075C116 /* Resources */,
			);
			buildRules = (
			);
			dependencies = (
			);
			fileSystemSynchronizedGroups = (
				E6202C1E2F5EC9560075C116 /* ScriptSeerWatch Watch App */,
			);
			name = "ScriptSeerWatch Watch App";
			packageProductDependencies = (
			);
			productName = "ScriptSeerWatch Watch App";
			productReference = E6202C1D2F5EC9560075C116 /* ScriptSeerWatch Watch App.app */;
			productType = "com.apple.product-type.application";
		};
		E6202C282F5EC9570075C116 /* ScriptSeerWatch Watch AppTests */ = {
			isa = PBXNativeTarget;
			buildConfigurationList = E6202C422F5EC9570075C116 /* Build configuration list for PBXNativeTarget "ScriptSeerWatch Watch AppTests" */;
			buildPhases = (
				E6202C252F5EC9570075C116 /* Sources */,
				E6202C262F5EC9570075C116 /* Frameworks */,
				E6202C272F5EC9570075C116 /* Resources */,
			);
			buildRules = (
			);
			dependencies = (
				E6202C2B2F5EC9570075C116 /* PBXTargetDependency */,
			);
			fileSystemSynchronizedGroups = (
				E6202C2C2F5EC9570075C116 /* ScriptSeerWatch Watch AppTests */,
			);
			name = "ScriptSeerWatch Watch AppTests";
			packageProductDependencies = (
			);
			productName = "ScriptSeerWatch Watch AppTests";
			productReference = E6202C292F5EC9570075C116 /* ScriptSeerWatch Watch AppTests.xctest */;
			productType = "com.apple.product-type.bundle.unit-test";
		};
		E6202C322F5EC9570075C116 /* ScriptSeerWatch Watch AppUITests */ = {
			isa = PBXNativeTarget;
			buildConfigurationList = E6202C452F5EC9570075C116 /* Build configuration list for PBXNativeTarget "ScriptSeerWatch Watch AppUITests" */;
			buildPhases = (
				E6202C2F2F5EC9570075C116 /* Sources */,
				E6202C302F5EC9570075C116 /* Frameworks */,
				E6202C312F5EC9570075C116 /* Resources */,
			);
			buildRules = (
			);
			dependencies = (
				E6202C352F5EC9570075C116 /* PBXTargetDependency */,
			);
			fileSystemSynchronizedGroups = (
				E6202C362F5EC9570075C116 /* ScriptSeerWatch Watch AppUITests */,
			);
			name = "ScriptSeerWatch Watch AppUITests";
			packageProductDependencies = (
			);
			productName = "ScriptSeerWatch Watch AppUITests";
			productReference = E6202C332F5EC9570075C116 /* ScriptSeerWatch Watch AppUITests.xctest */;
			productType = "com.apple.product-type.bundle.ui-testing";
		};
/* End PBXNativeTarget section */

/* Begin PBXProject section */
		E62027C42F5E2BCE0075C116 /* Project object */ = {
			isa = PBXProject;
			attributes = {
				BuildIndependentTargetsInParallel = 1;
				LastSwiftUpdateCheck = 2600;
				LastUpgradeCheck = 2600;
				TargetAttributes = {
					E62027CB2F5E2BCE0075C116 = {
						CreatedOnToolsVersion = 26.0.1;
					};
					E62027DC2F5E2BCF0075C116 = {
						CreatedOnToolsVersion = 26.0.1;
						TestTargetID = E62027CB2F5E2BCE0075C116;
					};
					E62027E62F5E2BCF0075C116 = {
						CreatedOnToolsVersion = 26.0.1;
						TestTargetID = E62027CB2F5E2BCE0075C116;
					};
					E6202C1C2F5EC9560075C116 = {
						CreatedOnToolsVersion = 26.0.1;
					};
					E6202C282F5EC9570075C116 = {
						CreatedOnToolsVersion = 26.0.1;
						TestTargetID = E6202C1C2F5EC9560075C116;
					};
					E6202C322F5EC9570075C116 = {
						CreatedOnToolsVersion = 26.0.1;
						TestTargetID = E6202C1C2F5EC9560075C116;
					};
				};
			};
			buildConfigurationList = E62027C72F5E2BCE0075C116 /* Build configuration list for PBXProject "ScriptSeer" */;
			developmentRegion = en;
			hasScannedForEncodings = 0;
			knownRegions = (
				en,
				Base,
			);
			mainGroup = E62027C32F5E2BCE0075C116;
			minimizedProjectReferenceProxies = 1;
			preferredProjectObjectVersion = 77;
			productRefGroup = E62027CD2F5E2BCE0075C116 /* Products */;
			projectDirPath = "";
			projectRoot = "";
			targets = (
				E62027CB2F5E2BCE0075C116 /* ScriptSeer */,
				E62027DC2F5E2BCF0075C116 /* ScriptSeerTests */,
				E62027E62F5E2BCF0075C116 /* ScriptSeerUITests */,
				E6202C1C2F5EC9560075C116 /* ScriptSeerWatch Watch App */,
				E6202C282F5EC9570075C116 /* ScriptSeerWatch Watch AppTests */,
				E6202C322F5EC9570075C116 /* ScriptSeerWatch Watch AppUITests */,
			);
		};
/* End PBXProject section */

/* Begin PBXResourcesBuildPhase section */
		E62027CA2F5E2BCE0075C116 /* Resources */ = {
			isa = PBXResourcesBuildPhase;
			buildActionMask = 2147483647;
			files = (
			);
			runOnlyForDeploymentPostprocessing = 0;
		};
		E62027DB2F5E2BCF0075C116 /* Resources */ = {
			isa = PBXResourcesBuildPhase;
			buildActionMask = 2147483647;
			files = (
			);
			runOnlyForDeploymentPostprocessing = 0;
		};
		E62027E52F5E2BCF0075C116 /* Resources */ = {
			isa = PBXResourcesBuildPhase;
			buildActionMask = 2147483647;
			files = (
			);
			runOnlyForDeploymentPostprocessing = 0;
		};
		E6202C1B2F5EC9560075C116 /* Resources */ = {
			isa = PBXResourcesBuildPhase;
			buildActionMask = 2147483647;
			files = (
			);
			runOnlyForDeploymentPostprocessing = 0;
		};
		E6202C272F5EC9570075C116 /* Resources */ = {
			isa = PBXResourcesBuildPhase;
			buildActionMask = 2147483647;
			files = (
			);
			runOnlyForDeploymentPostprocessing = 0;
		};
		E6202C312F5EC9570075C116 /* Resources */ = {
			isa = PBXResourcesBuildPhase;
			buildActionMask = 2147483647;
			files = (
			);
			runOnlyForDeploymentPostprocessing = 0;
		};
/* End PBXResourcesBuildPhase section */

/* Begin PBXSourcesBuildPhase section */
		E62027C82F5E2BCE0075C116 /* Sources */ = {
			isa = PBXSourcesBuildPhase;
			buildActionMask = 2147483647;
			files = (
			);
			runOnlyForDeploymentPostprocessing = 0;
		};
		E62027D92F5E2BCF0075C116 /* Sources */ = {
			isa = PBXSourcesBuildPhase;
			buildActionMask = 2147483647;
			files = (
			);
			runOnlyForDeploymentPostprocessing = 0;
		};
		E62027E32F5E2BCF0075C116 /* Sources */ = {
			isa = PBXSourcesBuildPhase;
			buildActionMask = 2147483647;
			files = (
			);
			runOnlyForDeploymentPostprocessing = 0;
		};
		E6202C192F5EC9560075C116 /* Sources */ = {
			isa = PBXSourcesBuildPhase;
			buildActionMask = 2147483647;
			files = (
			);
			runOnlyForDeploymentPostprocessing = 0;
		};
		E6202C252F5EC9570075C116 /* Sources */ = {
			isa = PBXSourcesBuildPhase;
			buildActionMask = 2147483647;
			files = (
			);
			runOnlyForDeploymentPostprocessing = 0;
		};
		E6202C2F2F5EC9570075C116 /* Sources */ = {
			isa = PBXSourcesBuildPhase;
			buildActionMask = 2147483647;
			files = (
			);
			runOnlyForDeploymentPostprocessing = 0;
		};
/* End PBXSourcesBuildPhase section */

/* Begin PBXTargetDependency section */
		E62027DF2F5E2BCF0075C116 /* PBXTargetDependency */ = {
			isa = PBXTargetDependency;
			target = E62027CB2F5E2BCE0075C116 /* ScriptSeer */;
			targetProxy = E62027DE2F5E2BCF0075C116 /* PBXContainerItemProxy */;
		};
		E62027E92F5E2BCF0075C116 /* PBXTargetDependency */ = {
			isa = PBXTargetDependency;
			target = E62027CB2F5E2BCE0075C116 /* ScriptSeer */;
			targetProxy = E62027E82F5E2BCF0075C116 /* PBXContainerItemProxy */;
		};
		E6202C2B2F5EC9570075C116 /* PBXTargetDependency */ = {
			isa = PBXTargetDependency;
			target = E6202C1C2F5EC9560075C116 /* ScriptSeerWatch Watch App */;
			targetProxy = E6202C2A2F5EC9570075C116 /* PBXContainerItemProxy */;
		};
		E6202C352F5EC9570075C116 /* PBXTargetDependency */ = {
			isa = PBXTargetDependency;
			target = E6202C1C2F5EC9560075C116 /* ScriptSeerWatch Watch App */;
			targetProxy = E6202C342F5EC9570075C116 /* PBXContainerItemProxy */;
		};
		E6202C3C2F5EC9570075C116 /* PBXTargetDependency */ = {
			isa = PBXTargetDependency;
			target = E6202C1C2F5EC9560075C116 /* ScriptSeerWatch Watch App */;
			targetProxy = E6202C3B2F5EC9570075C116 /* PBXContainerItemProxy */;
		};
/* End PBXTargetDependency section */

/* Begin XCBuildConfiguration section */
		E62027F12F5E2BCF0075C116 /* Debug */ = {
			isa = XCBuildConfiguration;
			buildSettings = {
				ASSETCATALOG_COMPILER_APPICON_NAME = AppIcon;
				ASSETCATALOG_COMPILER_GLOBAL_ACCENT_COLOR_NAME = AccentColor;
				CODE_SIGN_ENTITLEMENTS = ScriptSeer/ScriptSeer.entitlements;
				CODE_SIGN_STYLE = Automatic;
				CURRENT_PROJECT_VERSION = 1;
				DEVELOPMENT_TEAM = RDW5JCXJDK;
				ENABLE_PREVIEWS = YES;
				GENERATE_INFOPLIST_FILE = YES;
				INFOPLIST_FILE = ScriptSeer/Info.plist;
				INFOPLIST_KEY_NSCameraUsageDescription = "ScriptSeer uses the camera to record video with your script overlay.";
				INFOPLIST_KEY_NSMicrophoneUsageDescription = "ScriptSeer needs microphone access for speech-follow prompting and camera recording.";
				INFOPLIST_KEY_NSPhotoLibraryAddUsageDescription = "ScriptSeer saves your recorded videos to the Photos library.";
				INFOPLIST_KEY_NSSpeechRecognitionUsageDescription = "ScriptSeer uses speech recognition to follow along as you read your script aloud.";
				INFOPLIST_KEY_UIApplicationSceneManifest_Generation = YES;
				INFOPLIST_KEY_UIApplicationSupportsIndirectInputEvents = YES;
				INFOPLIST_KEY_UISupportedInterfaceOrientations = "UIInterfaceOrientationLandscapeLeft UIInterfaceOrientationLandscapeRight UIInterfaceOrientationPortrait";
				INFOPLIST_KEY_UISupportedInterfaceOrientations_iPad = "UIInterfaceOrientationLandscapeLeft UIInterfaceOrientationLandscapeRight UIInterfaceOrientationPortrait UIInterfaceOrientationPortraitUpsideDown";
				LD_RUNPATH_SEARCH_PATHS = (
					"$(inherited)",
					"@executable_path/Frameworks",
				);
				MARKETING_VERSION = 1.0;
				PRODUCT_BUNDLE_IDENTIFIER = com.valsote.ScriptSeer;
				PRODUCT_NAME = "$(TARGET_NAME)";
				STRING_CATALOG_GENERATE_SYMBOLS = YES;
				SWIFT_APPROACHABLE_CONCURRENCY = YES;
				SWIFT_DEFAULT_ACTOR_ISOLATION = MainActor;
				SWIFT_EMIT_LOC_STRINGS = YES;
				SWIFT_UPCOMING_FEATURE_MEMBER_IMPORT_VISIBILITY = YES;
				SWIFT_VERSION = 5.0;
				TARGETED_DEVICE_FAMILY = "1,2";
			};
			name = Debug;
		};
		E62027F22F5E2BCF0075C116 /* Release */ = {
			isa = XCBuildConfiguration;
			buildSettings = {
				ASSETCATALOG_COMPILER_APPICON_NAME = AppIcon;
				ASSETCATALOG_COMPILER_GLOBAL_ACCENT_COLOR_NAME = AccentColor;
				CODE_SIGN_ENTITLEMENTS = ScriptSeer/ScriptSeer.entitlements;
				CODE_SIGN_STYLE = Automatic;
				CURRENT_PROJECT_VERSION = 1;
				DEVELOPMENT_TEAM = RDW5JCXJDK;
				ENABLE_PREVIEWS = YES;
				GENERATE_INFOPLIST_FILE = YES;
				INFOPLIST_FILE = ScriptSeer/Info.plist;
				INFOPLIST_KEY_NSCameraUsageDescription = "ScriptSeer uses the camera to record video with your script overlay.";
				INFOPLIST_KEY_NSMicrophoneUsageDescription = "ScriptSeer needs microphone access for speech-follow prompting and camera recording.";
				INFOPLIST_KEY_NSPhotoLibraryAddUsageDescription = "ScriptSeer saves your recorded videos to the Photos library.";
				INFOPLIST_KEY_NSSpeechRecognitionUsageDescription = "ScriptSeer uses speech recognition to follow along as you read your script aloud.";
				INFOPLIST_KEY_UIApplicationSceneManifest_Generation = YES;
				INFOPLIST_KEY_UIApplicationSupportsIndirectInputEvents = YES;
				INFOPLIST_KEY_UISupportedInterfaceOrientations = "UIInterfaceOrientationLandscapeLeft UIInterfaceOrientationLandscapeRight UIInterfaceOrientationPortrait";
				INFOPLIST_KEY_UISupportedInterfaceOrientations_iPad = "UIInterfaceOrientationLandscapeLeft UIInterfaceOrientationLandscapeRight UIInterfaceOrientationPortrait UIInterfaceOrientationPortraitUpsideDown";
				LD_RUNPATH_SEARCH_PATHS = (
					"$(inherited)",
					"@executable_path/Frameworks",
				);
				MARKETING_VERSION = 1.0;
				PRODUCT_BUNDLE_IDENTIFIER = com.valsote.ScriptSeer;
				PRODUCT_NAME = "$(TARGET_NAME)";
				STRING_CATALOG_GENERATE_SYMBOLS = YES;
				SWIFT_APPROACHABLE_CONCURRENCY = YES;
				SWIFT_DEFAULT_ACTOR_ISOLATION = MainActor;
				SWIFT_EMIT_LOC_STRINGS = YES;
				SWIFT_UPCOMING_FEATURE_MEMBER_IMPORT_VISIBILITY = YES;
				SWIFT_VERSION = 5.0;
				TARGETED_DEVICE_FAMILY = "1,2";
			};
			name = Release;
		};
		E62027F32F5E2BCF0075C116 /* Debug */ = {
			isa = XCBuildConfiguration;
			buildSettings = {
				ALWAYS_SEARCH_USER_PATHS = NO;
				ASSETCATALOG_COMPILER_GENERATE_SWIFT_ASSET_SYMBOL_EXTENSIONS = YES;
				CLANG_ANALYZER_NONNULL = YES;
				CLANG_ANALYZER_NUMBER_OBJECT_CONVERSION = YES_AGGRESSIVE;
				CLANG_CXX_LANGUAGE_STANDARD = "gnu++20";
				CLANG_ENABLE_MODULES = YES;
				CLANG_ENABLE_OBJC_ARC = YES;
				CLANG_ENABLE_OBJC_WEAK = YES;
				CLANG_WARN_BLOCK_CAPTURE_AUTORELEASING = YES;
				CLANG_WARN_BOOL_CONVERSION = YES;
				CLANG_WARN_COMMA = YES;
				CLANG_WARN_CONSTANT_CONVERSION = YES;
				CLANG_WARN_DEPRECATED_OBJC_IMPLEMENTATIONS = YES;
				CLANG_WARN_DIRECT_OBJC_ISA_USAGE = YES_ERROR;
				CLANG_WARN_DOCUMENTATION_COMMENTS = YES;
				CLANG_WARN_EMPTY_BODY = YES;
				CLANG_WARN_ENUM_CONVERSION = YES;
				CLANG_WARN_INFINITE_RECURSION = YES;
				CLANG_WARN_INT_CONVERSION = YES;
				CLANG_WARN_NON_LITERAL_NULL_CONVERSION = YES;
				CLANG_WARN_OBJC_IMPLICIT_RETAIN_SELF = YES;
				CLANG_WARN_OBJC_LITERAL_CONVERSION = YES;
				CLANG_WARN_OBJC_ROOT_CLASS = YES_ERROR;
				CLANG_WARN_QUOTED_INCLUDE_IN_FRAMEWORK_HEADER = YES;
				CLANG_WARN_RANGE_LOOP_ANALYSIS = YES;
				CLANG_WARN_STRICT_PROTOTYPES = YES;
				CLANG_WARN_SUSPICIOUS_MOVE = YES;
				CLANG_WARN_UNGUARDED_AVAILABILITY = YES_AGGRESSIVE;
				CLANG_WARN_UNREACHABLE_CODE = YES;
				CLANG_WARN__DUPLICATE_METHOD_MATCH = YES;
				COPY_PHASE_STRIP = NO;
				DEBUG_INFORMATION_FORMAT = dwarf;
				DEVELOPMENT_TEAM = RDW5JCXJDK;
				ENABLE_STRICT_OBJC_MSGSEND = YES;
				ENABLE_TESTABILITY = YES;
				ENABLE_USER_SCRIPT_SANDBOXING = YES;
				GCC_C_LANGUAGE_STANDARD = gnu17;
				GCC_DYNAMIC_NO_PIC = NO;
				GCC_NO_COMMON_BLOCKS = YES;
				GCC_OPTIMIZATION_LEVEL = 0;
				GCC_PREPROCESSOR_DEFINITIONS = (
					"DEBUG=1",
					"$(inherited)",
				);
				GCC_WARN_64_TO_32_BIT_CONVERSION = YES;
				GCC_WARN_ABOUT_RETURN_TYPE = YES_ERROR;
				GCC_WARN_UNDECLARED_SELECTOR = YES;
				GCC_WARN_UNINITIALIZED_AUTOS = YES_AGGRESSIVE;
				GCC_WARN_UNUSED_FUNCTION = YES;
				GCC_WARN_UNUSED_VARIABLE = YES;
				IPHONEOS_DEPLOYMENT_TARGET = 26.0;
				LOCALIZATION_PREFERS_STRING_CATALOGS = YES;
				MTL_ENABLE_DEBUG_INFO = INCLUDE_SOURCE;
				MTL_FAST_MATH = YES;
				ONLY_ACTIVE_ARCH = YES;
				SDKROOT = iphoneos;
				SWIFT_ACTIVE_COMPILATION_CONDITIONS = "DEBUG $(inherited)";
				SWIFT_OPTIMIZATION_LEVEL = "-Onone";
			};
			name = Debug;
		};
		E62027F42F5E2BCF0075C116 /* Release */ = {
			isa = XCBuildConfiguration;
			buildSettings = {
				ALWAYS_SEARCH_USER_PATHS = NO;
				ASSETCATALOG_COMPILER_GENERATE_SWIFT_ASSET_SYMBOL_EXTENSIONS = YES;
				CLANG_ANALYZER_NONNULL = YES;
				CLANG_ANALYZER_NUMBER_OBJECT_CONVERSION = YES_AGGRESSIVE;
				CLANG_CXX_LANGUAGE_STANDARD = "gnu++20";
				CLANG_ENABLE_MODULES = YES;
				CLANG_ENABLE_OBJC_ARC = YES;
				CLANG_ENABLE_OBJC_WEAK = YES;
				CLANG_WARN_BLOCK_CAPTURE_AUTORELEASING = YES;
				CLANG_WARN_BOOL_CONVERSION = YES;
				CLANG_WARN_COMMA = YES;
				CLANG_WARN_CONSTANT_CONVERSION = YES;
				CLANG_WARN_DEPRECATED_OBJC_IMPLEMENTATIONS = YES;
				CLANG_WARN_DIRECT_OBJC_ISA_USAGE = YES_ERROR;
				CLANG_WARN_DOCUMENTATION_COMMENTS = YES;
				CLANG_WARN_EMPTY_BODY = YES;
				CLANG_WARN_ENUM_CONVERSION = YES;
				CLANG_WARN_INFINITE_RECURSION = YES;
				CLANG_WARN_INT_CONVERSION = YES;
				CLANG_WARN_NON_LITERAL_NULL_CONVERSION = YES;
				CLANG_WARN_OBJC_IMPLICIT_RETAIN_SELF = YES;
				CLANG_WARN_OBJC_LITERAL_CONVERSION = YES;
				CLANG_WARN_OBJC_ROOT_CLASS = YES_ERROR;
				CLANG_WARN_QUOTED_INCLUDE_IN_FRAMEWORK_HEADER = YES;
				CLANG_WARN_RANGE_LOOP_ANALYSIS = YES;
				CLANG_WARN_STRICT_PROTOTYPES = YES;
				CLANG_WARN_SUSPICIOUS_MOVE = YES;
				CLANG_WARN_UNGUARDED_AVAILABILITY = YES_AGGRESSIVE;
				CLANG_WARN_UNREACHABLE_CODE = YES;
				CLANG_WARN__DUPLICATE_METHOD_MATCH = YES;
				COPY_PHASE_STRIP = NO;
				DEBUG_INFORMATION_FORMAT = "dwarf-with-dsym";
				DEVELOPMENT_TEAM = RDW5JCXJDK;
				ENABLE_NS_ASSERTIONS = NO;
				ENABLE_STRICT_OBJC_MSGSEND = YES;
				ENABLE_USER_SCRIPT_SANDBOXING = YES;
				GCC_C_LANGUAGE_STANDARD = gnu17;
				GCC_NO_COMMON_BLOCKS = YES;
				GCC_WARN_64_TO_32_BIT_CONVERSION = YES;
				GCC_WARN_ABOUT_RETURN_TYPE = YES_ERROR;
				GCC_WARN_UNDECLARED_SELECTOR = YES;
				GCC_WARN_UNINITIALIZED_AUTOS = YES_AGGRESSIVE;
				GCC_WARN_UNUSED_FUNCTION = YES;
				GCC_WARN_UNUSED_VARIABLE = YES;
				IPHONEOS_DEPLOYMENT_TARGET = 26.0;
				LOCALIZATION_PREFERS_STRING_CATALOGS = YES;
				MTL_ENABLE_DEBUG_INFO = NO;
				MTL_FAST_MATH = YES;
				SDKROOT = iphoneos;
				SWIFT_COMPILATION_MODE = wholemodule;
				VALIDATE_PRODUCT = YES;
			};
			name = Release;
		};
		E62027F62F5E2BCF0075C116 /* Debug */ = {
			isa = XCBuildConfiguration;
			buildSettings = {
				BUNDLE_LOADER = "$(TEST_HOST)";
				CODE_SIGN_STYLE = Automatic;
				CURRENT_PROJECT_VERSION = 1;
				DEVELOPMENT_TEAM = RDW5JCXJDK;
				GENERATE_INFOPLIST_FILE = YES;
				IPHONEOS_DEPLOYMENT_TARGET = 26.0;
				MARKETING_VERSION = 1.0;
				PRODUCT_BUNDLE_IDENTIFIER = com.valsote.ScriptSeerTests;
				PRODUCT_NAME = "$(TARGET_NAME)";
				STRING_CATALOG_GENERATE_SYMBOLS = NO;
				SWIFT_APPROACHABLE_CONCURRENCY = YES;
				SWIFT_EMIT_LOC_STRINGS = NO;
				SWIFT_UPCOMING_FEATURE_MEMBER_IMPORT_VISIBILITY = YES;
				SWIFT_VERSION = 5.0;
				TARGETED_DEVICE_FAMILY = "1,2";
				TEST_HOST = "$(BUILT_PRODUCTS_DIR)/ScriptSeer.app/$(BUNDLE_EXECUTABLE_FOLDER_PATH)/ScriptSeer";
			};
			name = Debug;
		};
		E62027F72F5E2BCF0075C116 /* Release */ = {
			isa = XCBuildConfiguration;
			buildSettings = {
				BUNDLE_LOADER = "$(TEST_HOST)";
				CODE_SIGN_STYLE = Automatic;
				CURRENT_PROJECT_VERSION = 1;
				DEVELOPMENT_TEAM = RDW5JCXJDK;
				GENERATE_INFOPLIST_FILE = YES;
				IPHONEOS_DEPLOYMENT_TARGET = 26.0;
				MARKETING_VERSION = 1.0;
				PRODUCT_BUNDLE_IDENTIFIER = com.valsote.ScriptSeerTests;
				PRODUCT_NAME = "$(TARGET_NAME)";
				STRING_CATALOG_GENERATE_SYMBOLS = NO;
				SWIFT_APPROACHABLE_CONCURRENCY = YES;
				SWIFT_EMIT_LOC_STRINGS = NO;
				SWIFT_UPCOMING_FEATURE_MEMBER_IMPORT_VISIBILITY = YES;
				SWIFT_VERSION = 5.0;
				TARGETED_DEVICE_FAMILY = "1,2";
				TEST_HOST = "$(BUILT_PRODUCTS_DIR)/ScriptSeer.app/$(BUNDLE_EXECUTABLE_FOLDER_PATH)/ScriptSeer";
			};
			name = Release;
		};
		E62027F92F5E2BCF0075C116 /* Debug */ = {
			isa = XCBuildConfiguration;
			buildSettings = {
				CODE_SIGN_STYLE = Automatic;
				CURRENT_PROJECT_VERSION = 1;
				DEVELOPMENT_TEAM = RDW5JCXJDK;
				GENERATE_INFOPLIST_FILE = YES;
				MARKETING_VERSION = 1.0;
				PRODUCT_BUNDLE_IDENTIFIER = com.valsote.ScriptSeerUITests;
				PRODUCT_NAME = "$(TARGET_NAME)";
				STRING_CATALOG_GENERATE_SYMBOLS = NO;
				SWIFT_APPROACHABLE_CONCURRENCY = YES;
				SWIFT_EMIT_LOC_STRINGS = NO;
				SWIFT_UPCOMING_FEATURE_MEMBER_IMPORT_VISIBILITY = YES;
				SWIFT_VERSION = 5.0;
				TARGETED_DEVICE_FAMILY = "1,2";
				TEST_TARGET_NAME = ScriptSeer;
			};
			name = Debug;
		};
		E62027FA2F5E2BCF0075C116 /* Release */ = {
			isa = XCBuildConfiguration;
			buildSettings = {
				CODE_SIGN_STYLE = Automatic;
				CURRENT_PROJECT_VERSION = 1;
				DEVELOPMENT_TEAM = RDW5JCXJDK;
				GENERATE_INFOPLIST_FILE = YES;
				MARKETING_VERSION = 1.0;
				PRODUCT_BUNDLE_IDENTIFIER = com.valsote.ScriptSeerUITests;
				PRODUCT_NAME = "$(TARGET_NAME)";
				STRING_CATALOG_GENERATE_SYMBOLS = NO;
				SWIFT_APPROACHABLE_CONCURRENCY = YES;
				SWIFT_EMIT_LOC_STRINGS = NO;
				SWIFT_UPCOMING_FEATURE_MEMBER_IMPORT_VISIBILITY = YES;
				SWIFT_VERSION = 5.0;
				TARGETED_DEVICE_FAMILY = "1,2";
				TEST_TARGET_NAME = ScriptSeer;
			};
			name = Release;
		};
		E6202C3F2F5EC9570075C116 /* Debug */ = {
			isa = XCBuildConfiguration;
			buildSettings = {
				ASSETCATALOG_COMPILER_APPICON_NAME = AppIcon;
				ASSETCATALOG_COMPILER_GLOBAL_ACCENT_COLOR_NAME = AccentColor;
				CODE_SIGN_STYLE = Automatic;
				CURRENT_PROJECT_VERSION = 1;
				DEVELOPMENT_TEAM = RDW5JCXJDK;
				ENABLE_PREVIEWS = YES;
				GENERATE_INFOPLIST_FILE = YES;
				INFOPLIST_KEY_CFBundleDisplayName = ScriptSeerWatch;
				INFOPLIST_KEY_UISupportedInterfaceOrientations = "UIInterfaceOrientationPortrait UIInterfaceOrientationPortraitUpsideDown";
				INFOPLIST_KEY_WKCompanionAppBundleIdentifier = com.valsote.ScriptSeer;
				LD_RUNPATH_SEARCH_PATHS = (
					"$(inherited)",
					"@executable_path/Frameworks",
				);
				MARKETING_VERSION = 1.0;
				PRODUCT_BUNDLE_IDENTIFIER = com.valsote.ScriptSeer.watchkitapp;
				PRODUCT_NAME = "$(TARGET_NAME)";
				SDKROOT = watchos;
				SKIP_INSTALL = YES;
				STRING_CATALOG_GENERATE_SYMBOLS = YES;
				SWIFT_APPROACHABLE_CONCURRENCY = YES;
				SWIFT_DEFAULT_ACTOR_ISOLATION = MainActor;
				SWIFT_EMIT_LOC_STRINGS = YES;
				SWIFT_UPCOMING_FEATURE_MEMBER_IMPORT_VISIBILITY = YES;
				SWIFT_VERSION = 5.0;
				TARGETED_DEVICE_FAMILY = 4;
				WATCHOS_DEPLOYMENT_TARGET = 26.0;
			};
			name = Debug;
		};
		E6202C402F5EC9570075C116 /* Release */ = {
			isa = XCBuildConfiguration;
			buildSettings = {
				ASSETCATALOG_COMPILER_APPICON_NAME = AppIcon;
				ASSETCATALOG_COMPILER_GLOBAL_ACCENT_COLOR_NAME = AccentColor;
				CODE_SIGN_STYLE = Automatic;
				CURRENT_PROJECT_VERSION = 1;
				DEVELOPMENT_TEAM = RDW5JCXJDK;
				ENABLE_PREVIEWS = YES;
				GENERATE_INFOPLIST_FILE = YES;
				INFOPLIST_KEY_CFBundleDisplayName = ScriptSeerWatch;
				INFOPLIST_KEY_UISupportedInterfaceOrientations = "UIInterfaceOrientationPortrait UIInterfaceOrientationPortraitUpsideDown";
				INFOPLIST_KEY_WKCompanionAppBundleIdentifier = com.valsote.ScriptSeer;
				LD_RUNPATH_SEARCH_PATHS = (
					"$(inherited)",
					"@executable_path/Frameworks",
				);
				MARKETING_VERSION = 1.0;
				PRODUCT_BUNDLE_IDENTIFIER = com.valsote.ScriptSeer.watchkitapp;
				PRODUCT_NAME = "$(TARGET_NAME)";
				SDKROOT = watchos;
				SKIP_INSTALL = YES;
				STRING_CATALOG_GENERATE_SYMBOLS = YES;
				SWIFT_APPROACHABLE_CONCURRENCY = YES;
				SWIFT_DEFAULT_ACTOR_ISOLATION = MainActor;
				SWIFT_EMIT_LOC_STRINGS = YES;
				SWIFT_UPCOMING_FEATURE_MEMBER_IMPORT_VISIBILITY = YES;
				SWIFT_VERSION = 5.0;
				TARGETED_DEVICE_FAMILY = 4;
				WATCHOS_DEPLOYMENT_TARGET = 26.0;
			};
			name = Release;
		};
		E6202C432F5EC9570075C116 /* Debug */ = {
			isa = XCBuildConfiguration;
			buildSettings = {
				BUNDLE_LOADER = "$(TEST_HOST)";
				CODE_SIGN_STYLE = Automatic;
				CURRENT_PROJECT_VERSION = 1;
				DEVELOPMENT_TEAM = RDW5JCXJDK;
				GENERATE_INFOPLIST_FILE = YES;
				MARKETING_VERSION = 1.0;
				PRODUCT_BUNDLE_IDENTIFIER = "com.valsote.ScriptSeer.watchkitapp.ScriptSeerWatch-Watch-AppTests";
				PRODUCT_NAME = "$(TARGET_NAME)";
				SDKROOT = watchos;
				STRING_CATALOG_GENERATE_SYMBOLS = NO;
				SWIFT_APPROACHABLE_CONCURRENCY = YES;
				SWIFT_EMIT_LOC_STRINGS = NO;
				SWIFT_UPCOMING_FEATURE_MEMBER_IMPORT_VISIBILITY = YES;
				SWIFT_VERSION = 5.0;
				TARGETED_DEVICE_FAMILY = 4;
				TEST_HOST = "$(BUILT_PRODUCTS_DIR)/ScriptSeerWatch Watch App.app/$(BUNDLE_EXECUTABLE_FOLDER_PATH)/ScriptSeerWatch Watch App";
				WATCHOS_DEPLOYMENT_TARGET = 26.0;
			};
			name = Debug;
		};
		E6202C442F5EC9570075C116 /* Release */ = {
			isa = XCBuildConfiguration;
			buildSettings = {
				BUNDLE_LOADER = "$(TEST_HOST)";
				CODE_SIGN_STYLE = Automatic;
				CURRENT_PROJECT_VERSION = 1;
				DEVELOPMENT_TEAM = RDW5JCXJDK;
				GENERATE_INFOPLIST_FILE = YES;
				MARKETING_VERSION = 1.0;
				PRODUCT_BUNDLE_IDENTIFIER = "com.valsote.ScriptSeer.watchkitapp.ScriptSeerWatch-Watch-AppTests";
				PRODUCT_NAME = "$(TARGET_NAME)";
				SDKROOT = watchos;
				STRING_CATALOG_GENERATE_SYMBOLS = NO;
				SWIFT_APPROACHABLE_CONCURRENCY = YES;
				SWIFT_EMIT_LOC_STRINGS = NO;
				SWIFT_UPCOMING_FEATURE_MEMBER_IMPORT_VISIBILITY = YES;
				SWIFT_VERSION = 5.0;
				TARGETED_DEVICE_FAMILY = 4;
				TEST_HOST = "$(BUILT_PRODUCTS_DIR)/ScriptSeerWatch Watch App.app/$(BUNDLE_EXECUTABLE_FOLDER_PATH)/ScriptSeerWatch Watch App";
				WATCHOS_DEPLOYMENT_TARGET = 26.0;
			};
			name = Release;
		};
		E6202C462F5EC9570075C116 /* Debug */ = {
			isa = XCBuildConfiguration;
			buildSettings = {
				CODE_SIGN_STYLE = Automatic;
				CURRENT_PROJECT_VERSION = 1;
				DEVELOPMENT_TEAM = RDW5JCXJDK;
				GENERATE_INFOPLIST_FILE = YES;
				MARKETING_VERSION = 1.0;
				PRODUCT_BUNDLE_IDENTIFIER = "com.valsote.ScriptSeer.watchkitapp.ScriptSeerWatch-Watch-AppUITests";
				PRODUCT_NAME = "$(TARGET_NAME)";
				SDKROOT = watchos;
				STRING_CATALOG_GENERATE_SYMBOLS = NO;
				SWIFT_APPROACHABLE_CONCURRENCY = YES;
				SWIFT_EMIT_LOC_STRINGS = NO;
				SWIFT_UPCOMING_FEATURE_MEMBER_IMPORT_VISIBILITY = YES;
				SWIFT_VERSION = 5.0;
				TARGETED_DEVICE_FAMILY = 4;
				TEST_TARGET_NAME = "ScriptSeerWatch Watch App";
				WATCHOS_DEPLOYMENT_TARGET = 26.0;
			};
			name = Debug;
		};
		E6202C472F5EC9570075C116 /* Release */ = {
			isa = XCBuildConfiguration;
			buildSettings = {
				CODE_SIGN_STYLE = Automatic;
				CURRENT_PROJECT_VERSION = 1;
				DEVELOPMENT_TEAM = RDW5JCXJDK;
				GENERATE_INFOPLIST_FILE = YES;
				MARKETING_VERSION = 1.0;
				PRODUCT_BUNDLE_IDENTIFIER = "com.valsote.ScriptSeer.watchkitapp.ScriptSeerWatch-Watch-AppUITests";
				PRODUCT_NAME = "$(TARGET_NAME)";
				SDKROOT = watchos;
				STRING_CATALOG_GENERATE_SYMBOLS = NO;
				SWIFT_APPROACHABLE_CONCURRENCY = YES;
				SWIFT_EMIT_LOC_STRINGS = NO;
				SWIFT_UPCOMING_FEATURE_MEMBER_IMPORT_VISIBILITY = YES;
				SWIFT_VERSION = 5.0;
				TARGETED_DEVICE_FAMILY = 4;
				TEST_TARGET_NAME = "ScriptSeerWatch Watch App";
				WATCHOS_DEPLOYMENT_TARGET = 26.0;
			};
			name = Release;
		};
/* End XCBuildConfiguration section */

/* Begin XCConfigurationList section */
		E62027C72F5E2BCE0075C116 /* Build configuration list for PBXProject "ScriptSeer" */ = {
			isa = XCConfigurationList;
			buildConfigurations = (
				E62027F32F5E2BCF0075C116 /* Debug */,
				E62027F42F5E2BCF0075C116 /* Release */,
			);
			defaultConfigurationIsVisible = 0;
			defaultConfigurationName = Release;
		};
		E62027F02F5E2BCF0075C116 /* Build configuration list for PBXNativeTarget "ScriptSeer" */ = {
			isa = XCConfigurationList;
			buildConfigurations = (
				E62027F12F5E2BCF0075C116 /* Debug */,
				E62027F22F5E2BCF0075C116 /* Release */,
			);
			defaultConfigurationIsVisible = 0;
			defaultConfigurationName = Release;
		};
		E62027F52F5E2BCF0075C116 /* Build configuration list for PBXNativeTarget "ScriptSeerTests" */ = {
			isa = XCConfigurationList;
			buildConfigurations = (
				E62027F62F5E2BCF0075C116 /* Debug */,
				E62027F72F5E2BCF0075C116 /* Release */,
			);
			defaultConfigurationIsVisible = 0;
			defaultConfigurationName = Release;
		};
		E62027F82F5E2BCF0075C116 /* Build configuration list for PBXNativeTarget "ScriptSeerUITests" */ = {
			isa = XCConfigurationList;
			buildConfigurations = (
				E62027F92F5E2BCF0075C116 /* Debug */,
				E62027FA2F5E2BCF0075C116 /* Release */,
			);
			defaultConfigurationIsVisible = 0;
			defaultConfigurationName = Release;
		};
		E6202C3E2F5EC9570075C116 /* Build configuration list for PBXNativeTarget "ScriptSeerWatch Watch App" */ = {
			isa = XCConfigurationList;
			buildConfigurations = (
				E6202C3F2F5EC9570075C116 /* Debug */,
				E6202C402F5EC9570075C116 /* Release */,
			);
			defaultConfigurationIsVisible = 0;
			defaultConfigurationName = Release;
		};
		E6202C422F5EC9570075C116 /* Build configuration list for PBXNativeTarget "ScriptSeerWatch Watch AppTests" */ = {
			isa = XCConfigurationList;
			buildConfigurations = (
				E6202C432F5EC9570075C116 /* Debug */,
				E6202C442F5EC9570075C116 /* Release */,
			);
			defaultConfigurationIsVisible = 0;
			defaultConfigurationName = Release;
		};
		E6202C452F5EC9570075C116 /* Build configuration list for PBXNativeTarget "ScriptSeerWatch Watch AppUITests" */ = {
			isa = XCConfigurationList;
			buildConfigurations = (
				E6202C462F5EC9570075C116 /* Debug */,
				E6202C472F5EC9570075C116 /* Release */,
			);
			defaultConfigurationIsVisible = 0;
			defaultConfigurationName = Release;
		};
/* End XCConfigurationList section */
	};
	rootObject = E62027C42F5E2BCE0075C116 /* Project object */;
}
